// !$*UTF8*$!
{
	archiveVersion = 1;
	classes = {
	};
	objectVersion = 50;
	objects = {

/* Begin PBXBuildFile section */
		924196EB4C7B4F13D3ABDC9F /* Pods_A.framework in Frameworks */ = {isa = PBXBuildFile; fileRef = 4F93A3A93AD33A35F443AA1C /* Pods_A.framework */; };
		A8B0815221ACD6EF000CEB3E /* AppDelegate.m in Sources */ = {isa = PBXBuildFile; fileRef = A8B0815121ACD6EF000CEB3E /* AppDelegate.m */; };
		A8B0815521ACD6EF000CEB3E /* ViewController.m in Sources */ = {isa = PBXBuildFile; fileRef = A8B0815421ACD6EF000CEB3E /* ViewController.m */; };
		A8B0815821ACD6EF000CEB3E /* Main.storyboard in Resources */ = {isa = PBXBuildFile; fileRef = A8B0815621ACD6EF000CEB3E /* Main.storyboard */; };
		A8B0815A21ACD6F2000CEB3E /* Assets.xcassets in Resources */ = {isa = PBXBuildFile; fileRef = A8B0815921ACD6F2000CEB3E /* Assets.xcassets */; };
		A8B0815D21ACD6F2000CEB3E /* LaunchScreen.storyboard in Resources */ = {isa = PBXBuildFile; fileRef = A8B0815B21ACD6F2000CEB3E /* LaunchScreen.storyboard */; };
		A8B0816021ACD6F2000CEB3E /* main.m in Sources */ = {isa = PBXBuildFile; fileRef = A8B0815F21ACD6F2000CEB3E /* main.m */; };
		A8B0819121ACD88B000CEB3E /* AAViewController.m in Sources */ = {isa = PBXBuildFile; fileRef = A8B0819021ACD88B000CEB3E /* AAViewController.m */; };
		A8B0819B21ACE2F9000CEB3E /* Target_A.m in Sources */ = {isa = PBXBuildFile; fileRef = A8B0819A21ACE2F9000CEB3E /* Target_A.m */; };
/* End PBXBuildFile section */

/* Begin PBXFileReference section */
		43B14702F1C248EC5F057C31 /* Pods-A.debug.xcconfig */ = {isa = PBXFileReference; includeInIndex = 1; lastKnownFileType = text.xcconfig; name = "Pods-A.debug.xcconfig"; path = "Target Support Files/Pods-A/Pods-A.debug.xcconfig"; sourceTree = "<group>"; };
		4F93A3A93AD33A35F443AA1C /* Pods_A.framework */ = {isa = PBXFileReference; explicitFileType = wrapper.framework; includeInIndex = 0; path = Pods_A.framework; sourceTree = BUILT_PRODUCTS_DIR; };
		A8B0814D21ACD6EF000CEB3E /* A.app */ = {isa = PBXFileReference; explicitFileType = wrapper.application; includeInIndex = 0; path = A.app; sourceTree = BUILT_PRODUCTS_DIR; };
		A8B0815021ACD6EF000CEB3E /* AppDelegate.h */ = {isa = PBXFileReference; lastKnownFileType = sourcecode.c.h; path = AppDelegate.h; sourceTree = "<group>"; };
		A8B0815121ACD6EF000CEB3E /* AppDelegate.m */ = {isa = PBXFileReference; lastKnownFileType = sourcecode.c.objc; path = AppDelegate.m; sourceTree = "<group>"; };
		A8B0815321ACD6EF000CEB3E /* ViewController.h */ = {isa = PBXFileReference; lastKnownFileType = sourcecode.c.h; path = ViewController.h; sourceTree = "<group>"; };
		A8B0815421ACD6EF000CEB3E /* ViewController.m */ = {isa = PBXFileReference; lastKnownFileType = sourcecode.c.objc; path = ViewController.m; sourceTree = "<group>"; };
		A8B0815721ACD6EF000CEB3E /* Base */ = {isa = PBXFileReference; lastKnownFileType = file.storyboard; name = Base; path = Base.lproj/Main.storyboard; sourceTree = "<group>"; };
		A8B0815921ACD6F2000CEB3E /* Assets.xcassets */ = {isa = PBXFileReference; lastKnownFileType = folder.assetcatalog; path = Assets.xcassets; sourceTree = "<group>"; };
		A8B0815C21ACD6F2000CEB3E /* Base */ = {isa = PBXFileReference; lastKnownFileType = file.storyboard; name = Base; path = Base.lproj/LaunchScreen.storyboard; sourceTree = "<group>"; };
		A8B0815E21ACD6F2000CEB3E /* Info.plist */ = {isa = PBXFileReference; lastKnownFileType = text.plist.xml; path = Info.plist; sourceTree = "<group>"; };
		A8B0815F21ACD6F2000CEB3E /* main.m */ = {isa = PBXFileReference; lastKnownFileType = sourcecode.c.objc; path = main.m; sourceTree = "<group>"; };
		A8B0818F21ACD88B000CEB3E /* AAViewController.h */ = {isa = PBXFileReference; fileEncoding = 4; lastKnownFileType = sourcecode.c.h; path = AAViewController.h; sourceTree = "<group>"; };
		A8B0819021ACD88B000CEB3E /* AAViewController.m */ = {isa = PBXFileReference; fileEncoding = 4; lastKnownFileType = sourcecode.c.objc; path = AAViewController.m; sourceTree = "<group>"; };
		A8B0819921ACE2F9000CEB3E /* Target_A.h */ = {isa = PBXFileReference; lastKnownFileType = sourcecode.c.h; path = Target_A.h; sourceTree = "<group>"; };
		A8B0819A21ACE2F9000CEB3E /* Target_A.m */ = {isa = PBXFileReference; lastKnownFileType = sourcecode.c.objc; path = Target_A.m; sourceTree = "<group>"; };
		FB7F27987C478278F66B444F /* Pods-A.release.xcconfig */ = {isa = PBXFileReference; includeInIndex = 1; lastKnownFileType = text.xcconfig; name = "Pods-A.release.xcconfig"; path = "Target Support Files/Pods-A/Pods-A.release.xcconfig"; sourceTree = "<group>"; };
/* End PBXFileReference section */

/* Begin PBXFrameworksBuildPhase section */
		A8B0814A21ACD6EF000CEB3E /* Frameworks */ = {
			isa = PBXFrameworksBuildPhase;
			buildActionMask = 2147483647;
			files = (
				924196EB4C7B4F13D3ABDC9F /* Pods_A.framework in Frameworks */,
			);
			runOnlyForDeploymentPostprocessing = 0;
		};
/* End PBXFrameworksBuildPhase section */

/* Begin PBXGroup section */
		898946013F3AF5956C8B8FD0 /* Frameworks */ = {
			isa = PBXGroup;
			children = (
				4F93A3A93AD33A35F443AA1C /* Pods_A.framework */,
			);
			name = Frameworks;
			sourceTree = "<group>";
		};
		9071FB1B460EC6C07619F611 /* Pods */ = {
			isa = PBXGroup;
			children = (
				43B14702F1C248EC5F057C31 /* Pods-A.debug.xcconfig */,
				FB7F27987C478278F66B444F /* Pods-A.release.xcconfig */,
			);
			name = Pods;
			path = Pods;
			sourceTree = "<group>";
		};
		A8B0814421ACD6EF000CEB3E = {
			isa = PBXGroup;
			children = (
				A8B0814F21ACD6EF000CEB3E /* A */,
				A8B0814E21ACD6EF000CEB3E /* Products */,
				9071FB1B460EC6C07619F611 /* Pods */,
				898946013F3AF5956C8B8FD0 /* Frameworks */,
			);
			sourceTree = "<group>";
		};
		A8B0814E21ACD6EF000CEB3E /* Products */ = {
			isa = PBXGroup;
			children = (
				A8B0814D21ACD6EF000CEB3E /* A.app */,
			);
			name = Products;
			sourceTree = "<group>";
		};
		A8B0814F21ACD6EF000CEB3E /* A */ = {
			isa = PBXGroup;
			children = (
				A8B0818E21ACD88B000CEB3E /* A */,
				A8B0815021ACD6EF000CEB3E /* AppDelegate.h */,
				A8B0815121ACD6EF000CEB3E /* AppDelegate.m */,
				A8B0815321ACD6EF000CEB3E /* ViewController.h */,
				A8B0815421ACD6EF000CEB3E /* ViewController.m */,
				A8B0815621ACD6EF000CEB3E /* Main.storyboard */,
				A8B0815921ACD6F2000CEB3E /* Assets.xcassets */,
				A8B0815B21ACD6F2000CEB3E /* LaunchScreen.storyboard */,
				A8B0815E21ACD6F2000CEB3E /* Info.plist */,
				A8B0815F21ACD6F2000CEB3E /* main.m */,
			);
			path = A;
			sourceTree = "<group>";
		};
		A8B0818E21ACD88B000CEB3E /* A */ = {
			isa = PBXGroup;
			children = (
				A8B0819821ACE2EE000CEB3E /* Target_A */,
				A8B0818F21ACD88B000CEB3E /* AAViewController.h */,
				A8B0819021ACD88B000CEB3E /* AAViewController.m */,
			);
			path = A;
			sourceTree = "<group>";
		};
		A8B0819821ACE2EE000CEB3E /* Target_A */ = {
			isa = PBXGroup;
			children = (
				A8B0819921ACE2F9000CEB3E /* Target_A.h */,
				A8B0819A21ACE2F9000CEB3E /* Target_A.m */,
			);
			path = Target_A;
			sourceTree = "<group>";
		};
/* End PBXGroup section */

/* Begin PBXNativeTarget section */
		A8B0814C21ACD6EF000CEB3E /* A */ = {
			isa = PBXNativeTarget;
			buildConfigurationList = A8B0816321ACD6F2000CEB3E /* Build configuration list for PBXNativeTarget "A" */;
			buildPhases = (
				04C501F1369FB92630290736 /* [CP] Check Pods Manifest.lock */,
				A8B0814921ACD6EF000CEB3E /* Sources */,
				A8B0814A21ACD6EF000CEB3E /* Frameworks */,
				A8B0814B21ACD6EF000CEB3E /* Resources */,
				DF75689BF177AB76225B69DC /* [CP] Embed Pods Frameworks */,
			);
			buildRules = (
			);
			dependencies = (
			);
			name = A;
			productName = A;
			productReference = A8B0814D21ACD6EF000CEB3E /* A.app */;
			productType = "com.apple.product-type.application";
		};
/* End PBXNativeTarget section */

/* Begin PBXProject section */
		A8B0814521ACD6EF000CEB3E /* Project object */ = {
			isa = PBXProject;
			attributes = {
				LastUpgradeCheck = 1010;
				ORGANIZATIONNAME = MVM;
				TargetAttributes = {
					A8B0814C21ACD6EF000CEB3E = {
						CreatedOnToolsVersion = 10.1;
					};
				};
			};
			buildConfigurationList = A8B0814821ACD6EF000CEB3E /* Build configuration list for PBXProject "A" */;
			compatibilityVersion = "Xcode 9.3";
			developmentRegion = en;
			hasScannedForEncodings = 0;
			knownRegions = (
				en,
				Base,
			);
			mainGroup = A8B0814421ACD6EF000CEB3E;
			productRefGroup = A8B0814E21ACD6EF000CEB3E /* Products */;
			projectDirPath = "";
			projectRoot = "";
			targets = (
				A8B0814C21ACD6EF000CEB3E /* A */,
			);
		};
/* End PBXProject section */

/* Begin PBXResourcesBuildPhase section */
		A8B0814B21ACD6EF000CEB3E /* Resources */ = {
			isa = PBXResourcesBuildPhase;
			buildActionMask = 2147483647;
			files = (
				A8B0815D21ACD6F2000CEB3E /* LaunchScreen.storyboard in Resources */,
				A8B0815A21ACD6F2000CEB3E /* Assets.xcassets in Resources */,
				A8B0815821ACD6EF000CEB3E /* Main.storyboard in Resources */,
			);
			runOnlyForDeploymentPostprocessing = 0;
		};
/* End PBXResourcesBuildPhase section */

/* Begin PBXShellScriptBuildPhase section */
		04C501F1369FB92630290736 /* [CP] Check Pods Manifest.lock */ = {
			isa = PBXShellScriptBuildPhase;
			buildActionMask = 2147483647;
			files = (
			);
			inputFileListPaths = (
			);
			inputPaths = (
				"${PODS_PODFILE_DIR_PATH}/Podfile.lock",
				"${PODS_ROOT}/Manifest.lock",
			);
			name = "[CP] Check Pods Manifest.lock";
			outputFileListPaths = (
			);
			outputPaths = (
				"$(DERIVED_FILE_DIR)/Pods-A-checkManifestLockResult.txt",
			);
			runOnlyForDeploymentPostprocessing = 0;
			shellPath = /bin/sh;
			shellScript = "diff \"${PODS_PODFILE_DIR_PATH}/Podfile.lock\" \"${PODS_ROOT}/Manifest.lock\" > /dev/null\nif [ $? != 0 ] ; then\n    # print error to STDERR\n    echo \"error: The sandbox is not in sync with the Podfile.lock. Run 'pod install' or update your CocoaPods installation.\" >&2\n    exit 1\nfi\n# This output is used by Xcode 'outputs' to avoid re-running this script phase.\necho \"SUCCESS\" > \"${SCRIPT_OUTPUT_FILE_0}\"\n";
			showEnvVarsInLog = 0;
		};
		DF75689BF177AB76225B69DC /* [CP] Embed Pods Frameworks */ = {
			isa = PBXShellScriptBuildPhase;
			buildActionMask = 2147483647;
			files = (
			);
			inputFileListPaths = (
			);
			inputPaths = (
				"${PODS_ROOT}/Target Support Files/Pods-A/Pods-A-frameworks.sh",
				"${BUILT_PRODUCTS_DIR}/B/B.framework",
				"${BUILT_PRODUCTS_DIR}/B_Category/B_Category.framework",
				"${BUILT_PRODUCTS_DIR}/CTMediator/CTMediator.framework",
			);
			name = "[CP] Embed Pods Frameworks";
			outputFileListPaths = (
			);
			outputPaths = (
				"${TARGET_BUILD_DIR}/${FRAMEWORKS_FOLDER_PATH}/B.framework",
				"${TARGET_BUILD_DIR}/${FRAMEWORKS_FOLDER_PATH}/B_Category.framework",
				"${TARGET_BUILD_DIR}/${FRAMEWORKS_FOLDER_PATH}/CTMediator.framework",
			);
			runOnlyForDeploymentPostprocessing = 0;
			shellPath = /bin/sh;
			shellScript = "\"${PODS_ROOT}/Target Support Files/Pods-A/Pods-A-frameworks.sh\"\n";
			showEnvVarsInLog = 0;
		};
/* End PBXShellScriptBuildPhase section */

/* Begin PBXSourcesBuildPhase section */
		A8B0814921ACD6EF000CEB3E /* Sources */ = {
			isa = PBXSourcesBuildPhase;
			buildActionMask = 2147483647;
			files = (
				A8B0815521ACD6EF000CEB3E /* ViewController.m in Sources */,
				A8B0816021ACD6F2000CEB3E /* main.m in Sources */,
				A8B0819B21ACE2F9000CEB3E /* Target_A.m in Sources */,
				A8B0819121ACD88B000CEB3E /* AAViewController.m in Sources */,
				A8B0815221ACD6EF000CEB3E /* AppDelegate.m in Sources */,
			);
			runOnlyForDeploymentPostprocessing = 0;
		};
/* End PBXSourcesBuildPhase section */

/* Begin PBXVariantGroup section */
		A8B0815621ACD6EF000CEB3E /* Main.storyboard */ = {
			isa = PBXVariantGroup;
			children = (
				A8B0815721ACD6EF000CEB3E /* Base */,
			);
			name = Main.storyboard;
			sourceTree = "<group>";
		};
		A8B0815B21ACD6F2000CEB3E /* LaunchScreen.storyboard */ = {
			isa = PBXVariantGroup;
			children = (
				A8B0815C21ACD6F2000CEB3E /* Base */,
			);
			name = LaunchScreen.storyboard;
			sourceTree = "<group>";
		};
/* End PBXVariantGroup section */

/* Begin XCBuildConfiguration section */
		A8B0816121ACD6F2000CEB3E /* Debug */ = {
			isa = XCBuildConfiguration;
			buildSettings = {
				ALWAYS_SEARCH_USER_PATHS = NO;
				CLANG_ANALYZER_NONNULL = YES;
				CLANG_ANALYZER_NUMBER_OBJECT_CONVERSION = YES_AGGRESSIVE;
				CLANG_CXX_LANGUAGE_STANDARD = "gnu++14";
				CLANG_CXX_LIBRARY = "libc++";
				CLANG_ENABLE_MODULES = YES;
				CLANG_ENABLE_OBJC_ARC = YES;
				CLANG_ENABLE_OBJC_WEAK = YES;
				CLANG_WARN_BLOCK_CAPTURE_AUTORELEASING = YES;
				CLANG_WARN_BOOL_CONVERSION = YES;
				CLANG_WARN_COMMA = YES;
				CLANG_WARN_CONSTANT_CONVERSION = YES;
				CLANG_WARN_DEPRECATED_OBJC_IMPLEMENTATIONS = YES;
				CLANG_WARN_DIRECT_OBJC_ISA_USAGE = YES_ERROR;
				CLANG_WARN_DOCUMENTATION_COMMENTS = YES;
				CLANG_WARN_EMPTY_BODY = YES;
				CLANG_WARN_ENUM_CONVERSION = YES;
				CLANG_WARN_INFINITE_RECURSION = YES;
				CLANG_WARN_INT_CONVERSION = YES;
				CLANG_WARN_NON_LITERAL_NULL_CONVERSION = YES;
				CLANG_WARN_OBJC_IMPLICIT_RETAIN_SELF = YES;
				CLANG_WARN_OBJC_LITERAL_CONVERSION = YES;
				CLANG_WARN_OBJC_ROOT_CLASS = YES_ERROR;
				CLANG_WARN_RANGE_LOOP_ANALYSIS = YES;
				CLANG_WARN_STRICT_PROTOTYPES = YES;
				CLANG_WARN_SUSPICIOUS_MOVE = YES;
				CLANG_WARN_UNGUARDED_AVAILABILITY = YES_AGGRESSIVE;
				CLANG_WARN_UNREACHABLE_CODE = YES;
				CLANG_WARN__DUPLICATE_METHOD_MATCH = YES;
				CODE_SIGN_IDENTITY = "iPhone Developer";
				COPY_PHASE_STRIP = NO;
				DEBUG_INFORMATION_FORMAT = dwarf;
				ENABLE_STRICT_OBJC_MSGSEND = YES;
				ENABLE_TESTABILITY = YES;
				GCC_C_LANGUAGE_STANDARD = gnu11;
				GCC_DYNAMIC_NO_PIC = NO;
				GCC_NO_COMMON_BLOCKS = YES;
				GCC_OPTIMIZATION_LEVEL = 0;
				GCC_PREPROCESSOR_DEFINITIONS = (
					"DEBUG=1",
					"$(inherited)",
				);
				GCC_WARN_64_TO_32_BIT_CONVERSION = YES;
				GCC_WARN_ABOUT_RETURN_TYPE = YES_ERROR;
				GCC_WARN_UNDECLARED_SELECTOR = YES;
				GCC_WARN_UNINITIALIZED_AUTOS = YES_AGGRESSIVE;
				GCC_WARN_UNUSED_FUNCTION = YES;
				GCC_WARN_UNUSED_VARIABLE = YES;
				IPHONEOS_DEPLOYMENT_TARGET = 12.1;
				MTL_ENABLE_DEBUG_INFO = INCLUDE_SOURCE;
				MTL_FAST_MATH = YES;
				ONLY_ACTIVE_ARCH = YES;
				SDKROOT = iphoneos;
			};
			name = Debug;
		};
		A8B0816221ACD6F2000CEB3E /* Release */ = {
			isa = XCBuildConfiguration;
			buildSettings = {
				ALWAYS_SEARCH_USER_PATHS = NO;
				CLANG_ANALYZER_NONNULL = YES;
				CLANG_ANALYZER_NUMBER_OBJECT_CONVERSION = YES_AGGRESSIVE;
				CLANG_CXX_LANGUAGE_STANDARD = "gnu++14";
				CLANG_CXX_LIBRARY = "libc++";
				CLANG_ENABLE_MODULES = YES;
				CLANG_ENABLE_OBJC_ARC = YES;
				CLANG_ENABLE_OBJC_WEAK = YES;
				CLANG_WARN_BLOCK_CAPTURE_AUTORELEASING = YES;
				CLANG_WARN_BOOL_CONVERSION = YES;
				CLANG_WARN_COMMA = YES;
				CLANG_WARN_CONSTANT_CONVERSION = YES;
				CLANG_WARN_DEPRECATED_OBJC_IMPLEMENTATIONS = YES;
				CLANG_WARN_DIRECT_OBJC_ISA_USAGE = YES_ERROR;
				CLANG_WARN_DOCUMENTATION_COMMENTS = YES;
				CLANG_WARN_EMPTY_BODY = YES;
				CLANG_WARN_ENUM_CONVERSION = YES;
				CLANG_WARN_INFINITE_RECURSION = YES;
				CLANG_WARN_INT_CONVERSION = YES;
				CLANG_WARN_NON_LITERAL_NULL_CONVERSION = YES;
				CLANG_WARN_OBJC_IMPLICIT_RETAIN_SELF = YES;
				CLANG_WARN_OBJC_LITERAL_CONVERSION = YES;
				CLANG_WARN_OBJC_ROOT_CLASS = YES_ERROR;
				CLANG_WARN_RANGE_LOOP_ANALYSIS = YES;
				CLANG_WARN_STRICT_PROTOTYPES = YES;
				CLANG_WARN_SUSPICIOUS_MOVE = YES;
				CLANG_WARN_UNGUARDED_AVAILABILITY = YES_AGGRESSIVE;
				CLANG_WARN_UNREACHABLE_CODE = YES;
				CLANG_WARN__DUPLICATE_METHOD_MATCH = YES;
				CODE_SIGN_IDENTITY = "iPhone Developer";
				COPY_PHASE_STRIP = NO;
				DEBUG_INFORMATION_FORMAT = "dwarf-with-dsym";
				ENABLE_NS_ASSERTIONS = NO;
				ENABLE_STRICT_OBJC_MSGSEND = YES;
				GCC_C_LANGUAGE_STANDARD = gnu11;
				GCC_NO_COMMON_BLOCKS = YES;
				GCC_WARN_64_TO_32_BIT_CONVERSION = YES;
				GCC_WARN_ABOUT_RETURN_TYPE = YES_ERROR;
				GCC_WARN_UNDECLARED_SELECTOR = YES;
				GCC_WARN_UNINITIALIZED_AUTOS = YES_AGGRESSIVE;
				GCC_WARN_UNUSED_FUNCTION = YES;
				GCC_WARN_UNUSED_VARIABLE = YES;
				IPHONEOS_DEPLOYMENT_TARGET = 12.1;
				MTL_ENABLE_DEBUG_INFO = NO;
				MTL_FAST_MATH = YES;
				SDKROOT = iphoneos;
				VALIDATE_PRODUCT = YES;
			};
			name = Release;
		};
		A8B0816421ACD6F2000CEB3E /* Debug */ = {
			isa = XCBuildConfiguration;
			baseConfigurationReference = 43B14702F1C248EC5F057C31 /* Pods-A.debug.xcconfig */;
			buildSettings = {
				ASSETCATALOG_COMPILER_APPICON_NAME = AppIcon;
				CODE_SIGN_STYLE = Automatic;
				DEVELOPMENT_TEAM = 29HSV437NA;
				INFOPLIST_FILE = A/Info.plist;
				LD_RUNPATH_SEARCH_PATHS = (
					"$(inherited)",
					"@executable_path/Frameworks",
				);
				PRODUCT_BUNDLE_IDENTIFIER = com.myhotel.com.A;
				PRODUCT_NAME = "$(TARGET_NAME)";
				TARGETED_DEVICE_FAMILY = "1,2";
			};
			name = Debug;
		};
		A8B0816521ACD6F2000CEB3E /* Release */ = {
			isa = XCBuildConfiguration;
			baseConfigurationReference = FB7F27987C478278F66B444F /* Pods-A.release.xcconfig */;
			buildSettings = {
				ASSETCATALOG_COMPILER_APPICON_NAME = AppIcon;
				CODE_SIGN_STYLE = Automatic;
				DEVELOPMENT_TEAM = 29HSV437NA;
				INFOPLIST_FILE = A/Info.plist;
				LD_RUNPATH_SEARCH_PATHS = (
					"$(inherited)",
					"@executable_path/Frameworks",
				);
				PRODUCT_BUNDLE_IDENTIFIER = com.myhotel.com.A;
				PRODUCT_NAME = "$(TARGET_NAME)";
				TARGETED_DEVICE_FAMILY = "1,2";
			};
			name = Release;
		};
/* End XCBuildConfiguration section */

/* Begin XCConfigurationList section */
		A8B0814821ACD6EF000CEB3E /* Build configuration list for PBXProject "A" */ = {
			isa = XCConfigurationList;
			buildConfigurations = (
				A8B0816121ACD6F2000CEB3E /* Debug */,
				A8B0816221ACD6F2000CEB3E /* Release */,
			);
			defaultConfigurationIsVisible = 0;
			defaultConfigurationName = Release;
		};
		A8B0816321ACD6F2000CEB3E /* Build configuration list for PBXNativeTarget "A" */ = {
			isa = XCConfigurationList;
			buildConfigurations = (
				A8B0816421ACD6F2000CEB3E /* Debug */,
				A8B0816521ACD6F2000CEB3E /* Release */,
			);
			defaultConfigurationIsVisible = 0;
			defaultConfigurationName = Release;
		};
/* End XCConfigurationList section */
	};
	rootObject = A8B0814521ACD6EF000CEB3E /* Project object */;
}
